Microsoft Visual Studio Solution File, Format Version 12.00
# Visual Studio Version 17
VisualStudioVersion = 17.5.2.0
MinimumVisualStudioVersion = 10.0.40219.1
Project("{FAE04EC0-301F-11D3-BF4B-00C04F79EFBC}") = "Sc2DC#E", "Sc2DC#E.csproj", "{4FBE73EC-AB6E-E145-2D3B-60E78D604646}"
EndProject
Global
	GlobalSection(SolutionConfigurationPlatforms) = preSolution
		Debug|Any CPU = Debug|Any CPU
		Release|Any CPU = Release|Any CPU
	EndGlobalSection
	GlobalSection(ProjectConfigurationPlatforms) = postSolution
		{4FBE73EC-AB6E-E145-2D3B-60E78D604646}.Debug|Any CPU.ActiveCfg = Debug|Any CPU
		{4FBE73EC-AB6E-E145-2D3B-60E78D604646}.Debug|Any CPU.Build.0 = Debug|Any CPU
		{4FBE73EC-AB6E-E145-2D3B-60E78D604646}.Release|Any CPU.ActiveCfg = Release|Any CPU
		{4FBE73EC-AB6E-E145-2D3B-60E78D604646}.Release|Any CPU.Build.0 = Release|Any CPU
	EndGlobalSection
	GlobalSection(SolutionProperties) = preSolution
		HideSolutionNode = FALSE
	EndGlobalSection
	GlobalSection(ExtensibilityGlobals) = postSolution
		SolutionGuid = {F250394E-E707-4EE9-A1C8-D085B9D33B55}
	EndGlobalSection
EndGlobal
